// !$*UTF8*$!
{
	archiveVersion = 1;
	classes = {
	};
	objectVersion = 46;
	objects = {

/* Begin PBXBuildFile section */
		0992CA669326CFE8B21C9B26 /* libPods-GKCommerceTests.a in Frameworks */ = {isa = PBXBuildFile; fileRef = E3E132E5579A8A196FC0461A /* libPods-GKCommerceTests.a */; };
		1E06633B3B33A33EDD65F7EA /* libPods-GKCommerce.a in Frameworks */ = {isa = PBXBuildFile; fileRef = C1C8545461A39C251C511C1B /* libPods-GKCommerce.a */; };
		9006D6581A1541D000511D28 /* ConsigneeJSONAssembler.m in Sources */ = {isa = PBXBuildFile; fileRef = 9006D6571A1541D000511D28 /* ConsigneeJSONAssembler.m */; };
		9006D65B1A15424800511D28 /* AreaJSONAssembler.m in Sources */ = {isa = PBXBuildFile; fileRef = 9006D65A1A15424800511D28 /* AreaJSONAssembler.m */; };
		9035D0141A0CB3E100C6E53C /* main.m in Sources */ = {isa = PBXBuildFile; fileRef = 9035D0131A0CB3E100C6E53C /* main.m */; };
		9035D01A1A0CB3E100C6E53C /* GKCommerce.xcdatamodeld in Sources */ = {isa = PBXBuildFile; fileRef = 9035D0181A0CB3E100C6E53C /* GKCommerce.xcdatamodeld */; };
		9035D01D1A0CB3E100C6E53C /* ViewController.m in Sources */ = {isa = PBXBuildFile; fileRef = 9035D01C1A0CB3E100C6E53C /* ViewController.m */; };
		9035D0251A0CB3E100C6E53C /* LaunchScreen.xib in Resources */ = {isa = PBXBuildFile; fileRef = 9035D0231A0CB3E100C6E53C /* LaunchScreen.xib */; };
		9035D0311A0CB3E100C6E53C /* GKCommerceTests.m in Sources */ = {isa = PBXBuildFile; fileRef = 9035D0301A0CB3E100C6E53C /* GKCommerceTests.m */; };
		9035D0411A0CBF5900C6E53C /* AppDelegate.m in Sources */ = {isa = PBXBuildFile; fileRef = 9035D03F1A0CBF5900C6E53C /* AppDelegate.m */; };
		9035D0421A0CBF5900C6E53C /* AppView.xib in Resources */ = {isa = PBXBuildFile; fileRef = 9035D0401A0CBF5900C6E53C /* AppView.xib */; };
		9035D0531A0CC44400C6E53C /* ConsigneeEditController.m in Sources */ = {isa = PBXBuildFile; fileRef = 9035D0521A0CC44400C6E53C /* ConsigneeEditController.m */; };
		9035D0571A0CC46B00C6E53C /* Consignee.m in Sources */ = {isa = PBXBuildFile; fileRef = 9035D0561A0CC46B00C6E53C /* Consignee.m */; };
		9035D05A1A0CC4A500C6E53C /* Area.m in Sources */ = {isa = PBXBuildFile; fileRef = 9035D0591A0CC4A500C6E53C /* Area.m */; };
		9035D05E1A0CC58100C6E53C /* ConsigneeBackend.m in Sources */ = {isa = PBXBuildFile; fileRef = 9035D05D1A0CC58100C6E53C /* ConsigneeBackend.m */; };
		9035D0631A0CC85000C6E53C /* ConsigneeEditInputTableViewCell.m in Sources */ = {isa = PBXBuildFile; fileRef = 9035D0611A0CC85000C6E53C /* ConsigneeEditInputTableViewCell.m */; };
		9035D0641A0CC85000C6E53C /* ConsigneeEditInputTableViewCell.xib in Resources */ = {isa = PBXBuildFile; fileRef = 9035D0621A0CC85000C6E53C /* ConsigneeEditInputTableViewCell.xib */; };
		9035D0681A0CCAF300C6E53C /* AreaPickerViewController.m in Sources */ = {isa = PBXBuildFile; fileRef = 9035D0671A0CCAF300C6E53C /* AreaPickerViewController.m */; };
		9035D06B1A0CCF9600C6E53C /* ConsigneeEditView.xib in Resources */ = {isa = PBXBuildFile; fileRef = 9035D06A1A0CCF9600C6E53C /* ConsigneeEditView.xib */; };
		E51E22861A17916D0005F39B /* ConsigneeView.xib in Resources */ = {isa = PBXBuildFile; fileRef = E51E22851A17916D0005F39B /* ConsigneeView.xib */; };
		E51E22891A17918A0005F39B /* ConsigneeController.m in Sources */ = {isa = PBXBuildFile; fileRef = E51E22881A17918A0005F39B /* ConsigneeController.m */; };
		E51E228B1A1793940005F39B /* ConsigneeDefines.h in Sources */ = {isa = PBXBuildFile; fileRef = E51E228A1A1793940005F39B /* ConsigneeDefines.h */; };
		E51E22941A1795F70005F39B /* ConsigneeTableViewCell.m in Sources */ = {isa = PBXBuildFile; fileRef = E51E22921A1795F70005F39B /* ConsigneeTableViewCell.m */; };
		E51E22951A1795F70005F39B /* ConsigneeTableViewCell.xib in Resources */ = {isa = PBXBuildFile; fileRef = E51E22931A1795F70005F39B /* ConsigneeTableViewCell.xib */; };
		E51E229A1A17A2470005F39B /* ConsigneeListController.m in Sources */ = {isa = PBXBuildFile; fileRef = E51E22991A17A2470005F39B /* ConsigneeListController.m */; };
		E51E229D1A17A2660005F39B /* ConsigneeListView.xib in Resources */ = {isa = PBXBuildFile; fileRef = E51E229C1A17A2660005F39B /* ConsigneeListView.xib */; };
		E51E22A21A17A2930005F39B /* ConsigneeListTableViewCell.m in Sources */ = {isa = PBXBuildFile; fileRef = E51E22A01A17A2930005F39B /* ConsigneeListTableViewCell.m */; };
		E51E22A31A17A2930005F39B /* ConsigneeListTableViewCell.xib in Resources */ = {isa = PBXBuildFile; fileRef = E51E22A11A17A2930005F39B /* ConsigneeListTableViewCell.xib */; };
		E51E22A61A17A3420005F39B /* ConsigneeListTableViewCellSelected.m in Sources */ = {isa = PBXBuildFile; fileRef = E51E22A51A17A3420005F39B /* ConsigneeListTableViewCellSelected.m */; };
		E5C8061B1A1A081E00880B20 /* MineDefaultTableViewCell.xib in Resources */ = {isa = PBXBuildFile; fileRef = E5C8061A1A1A081E00880B20 /* MineDefaultTableViewCell.xib */; };
		E5C8061F1A1A3A1700880B20 /* MineHeaderPhotoTableViewCell.m in Sources */ = {isa = PBXBuildFile; fileRef = E5C8061D1A1A3A1700880B20 /* MineHeaderPhotoTableViewCell.m */; };
		E5C806201A1A3A1700880B20 /* MineHeaderPhotoTableViewCell.xib in Resources */ = {isa = PBXBuildFile; fileRef = E5C8061E1A1A3A1700880B20 /* MineHeaderPhotoTableViewCell.xib */; };
		E5C806241A1A467900880B20 /* Images.xcassets in Resources */ = {isa = PBXBuildFile; fileRef = E5C806231A1A467900880B20 /* Images.xcassets */; };
		E5C806261A1A469700880B20 /* Mine.xcassets in Resources */ = {isa = PBXBuildFile; fileRef = E5C806251A1A469700880B20 /* Mine.xcassets */; };
		E5E2D3A01A18AE9000338CF0 /* MineDefaultViewController.m in Sources */ = {isa = PBXBuildFile; fileRef = E5E2D3991A18AE9000338CF0 /* MineDefaultViewController.m */; };
		E5E2D3A11A18AE9000338CF0 /* MineDefaultTableViewCell.m in Sources */ = {isa = PBXBuildFile; fileRef = E5E2D39C1A18AE9000338CF0 /* MineDefaultTableViewCell.m */; };
		E5E2D3A31A18AE9000338CF0 /* MineDefaultView.xib in Resources */ = {isa = PBXBuildFile; fileRef = E5E2D39F1A18AE9000338CF0 /* MineDefaultView.xib */; };
/* End PBXBuildFile section */

/* Begin PBXContainerItemProxy section */
		9035D02B1A0CB3E100C6E53C /* PBXContainerItemProxy */ = {
			isa = PBXContainerItemProxy;
			containerPortal = 9035D0061A0CB3E100C6E53C /* Project object */;
			proxyType = 1;
			remoteGlobalIDString = 9035D00D1A0CB3E100C6E53C;
			remoteInfo = GKCommerce;
		};
/* End PBXContainerItemProxy section */

/* Begin PBXFileReference section */
		2D28A982971F329F7D715EE8 /* Pods-GKCommerce.debug.xcconfig */ = {isa = PBXFileReference; includeInIndex = 1; lastKnownFileType = text.xcconfig; name = "Pods-GKCommerce.debug.xcconfig"; path = "Pods/Target Support Files/Pods-GKCommerce/Pods-GKCommerce.debug.xcconfig"; sourceTree = "<group>"; };
		2DDB3FAE6F1F7518FFB3443A /* Pods-GKCommerceTests.release.xcconfig */ = {isa = PBXFileReference; includeInIndex = 1; lastKnownFileType = text.xcconfig; name = "Pods-GKCommerceTests.release.xcconfig"; path = "Pods/Target Support Files/Pods-GKCommerceTests/Pods-GKCommerceTests.release.xcconfig"; sourceTree = "<group>"; };
		9006D6561A1541D000511D28 /* ConsigneeJSONAssembler.h */ = {isa = PBXFileReference; fileEncoding = 4; lastKnownFileType = sourcecode.c.h; name = ConsigneeJSONAssembler.h; path = GKCommerce/Consignee/Infrastructure/ConsigneeJSONAssembler.h; sourceTree = "<group>"; };
		9006D6571A1541D000511D28 /* ConsigneeJSONAssembler.m */ = {isa = PBXFileReference; fileEncoding = 4; lastKnownFileType = sourcecode.c.objc; name = ConsigneeJSONAssembler.m; path = GKCommerce/Consignee/Infrastructure/ConsigneeJSONAssembler.m; sourceTree = "<group>"; };
		9006D6591A15424800511D28 /* AreaJSONAssembler.h */ = {isa = PBXFileReference; fileEncoding = 4; lastKnownFileType = sourcecode.c.h; name = AreaJSONAssembler.h; path = GKCommerce/Consignee/Infrastructure/AreaJSONAssembler.h; sourceTree = "<group>"; };
		9006D65A1A15424800511D28 /* AreaJSONAssembler.m */ = {isa = PBXFileReference; fileEncoding = 4; lastKnownFileType = sourcecode.c.objc; name = AreaJSONAssembler.m; path = GKCommerce/Consignee/Infrastructure/AreaJSONAssembler.m; sourceTree = "<group>"; };
		9035D00E1A0CB3E100C6E53C /* GKCommerce.app */ = {isa = PBXFileReference; explicitFileType = wrapper.application; includeInIndex = 0; path = GKCommerce.app; sourceTree = BUILT_PRODUCTS_DIR; };
		9035D0121A0CB3E100C6E53C /* Info.plist */ = {isa = PBXFileReference; lastKnownFileType = text.plist.xml; path = Info.plist; sourceTree = "<group>"; };
		9035D0131A0CB3E100C6E53C /* main.m */ = {isa = PBXFileReference; lastKnownFileType = sourcecode.c.objc; path = main.m; sourceTree = "<group>"; };
		9035D0191A0CB3E100C6E53C /* GKCommerce.xcdatamodel */ = {isa = PBXFileReference; lastKnownFileType = wrapper.xcdatamodel; path = GKCommerce.xcdatamodel; sourceTree = "<group>"; };
		9035D01B1A0CB3E100C6E53C /* ViewController.h */ = {isa = PBXFileReference; lastKnownFileType = sourcecode.c.h; path = ViewController.h; sourceTree = "<group>"; };
		9035D01C1A0CB3E100C6E53C /* ViewController.m */ = {isa = PBXFileReference; lastKnownFileType = sourcecode.c.objc; path = ViewController.m; sourceTree = "<group>"; };
		9035D0241A0CB3E100C6E53C /* Base */ = {isa = PBXFileReference; lastKnownFileType = file.xib; name = Base; path = Base.lproj/LaunchScreen.xib; sourceTree = "<group>"; };
		9035D02A1A0CB3E100C6E53C /* GKCommerceTests.xctest */ = {isa = PBXFileReference; explicitFileType = wrapper.cfbundle; includeInIndex = 0; path = GKCommerceTests.xctest; sourceTree = BUILT_PRODUCTS_DIR; };
		9035D02F1A0CB3E100C6E53C /* Info.plist */ = {isa = PBXFileReference; lastKnownFileType = text.plist.xml; path = Info.plist; sourceTree = "<group>"; };
		9035D0301A0CB3E100C6E53C /* GKCommerceTests.m */ = {isa = PBXFileReference; lastKnownFileType = sourcecode.c.objc; path = GKCommerceTests.m; sourceTree = "<group>"; };
		9035D03E1A0CBF5900C6E53C /* AppDelegate.h */ = {isa = PBXFileReference; fileEncoding = 4; lastKnownFileType = sourcecode.c.h; path = AppDelegate.h; sourceTree = "<group>"; };
		9035D03F1A0CBF5900C6E53C /* AppDelegate.m */ = {isa = PBXFileReference; fileEncoding = 4; lastKnownFileType = sourcecode.c.objc; path = AppDelegate.m; sourceTree = "<group>"; };
		9035D0401A0CBF5900C6E53C /* AppView.xib */ = {isa = PBXFileReference; fileEncoding = 4; lastKnownFileType = file.xib; path = AppView.xib; sourceTree = "<group>"; };
		9035D0511A0CC44400C6E53C /* ConsigneeEditController.h */ = {isa = PBXFileReference; fileEncoding = 4; lastKnownFileType = sourcecode.c.h; name = ConsigneeEditController.h; path = GKCommerce/Consignee/ConsigneeEdit/Controller/ConsigneeEditController.h; sourceTree = "<group>"; };
		9035D0521A0CC44400C6E53C /* ConsigneeEditController.m */ = {isa = PBXFileReference; fileEncoding = 4; lastKnownFileType = sourcecode.c.objc; name = ConsigneeEditController.m; path = GKCommerce/Consignee/ConsigneeEdit/Controller/ConsigneeEditController.m; sourceTree = "<group>"; };
		9035D0551A0CC46B00C6E53C /* Consignee.h */ = {isa = PBXFileReference; fileEncoding = 4; lastKnownFileType = sourcecode.c.h; name = Consignee.h; path = GKCommerce/Consignee/Model/Consignee.h; sourceTree = "<group>"; };
		9035D0561A0CC46B00C6E53C /* Consignee.m */ = {isa = PBXFileReference; fileEncoding = 4; lastKnownFileType = sourcecode.c.objc; name = Consignee.m; path = GKCommerce/Consignee/Model/Consignee.m; sourceTree = "<group>"; };
		9035D0581A0CC4A500C6E53C /* Area.h */ = {isa = PBXFileReference; fileEncoding = 4; lastKnownFileType = sourcecode.c.h; name = Area.h; path = GKCommerce/Consignee/Model/Area.h; sourceTree = "<group>"; };
		9035D0591A0CC4A500C6E53C /* Area.m */ = {isa = PBXFileReference; fileEncoding = 4; lastKnownFileType = sourcecode.c.objc; name = Area.m; path = GKCommerce/Consignee/Model/Area.m; sourceTree = "<group>"; };
		9035D05C1A0CC58100C6E53C /* ConsigneeBackend.h */ = {isa = PBXFileReference; fileEncoding = 4; lastKnownFileType = sourcecode.c.h; name = ConsigneeBackend.h; path = GKCommerce/Consignee/Infrastructure/ConsigneeBackend.h; sourceTree = "<group>"; };
		9035D05D1A0CC58100C6E53C /* ConsigneeBackend.m */ = {isa = PBXFileReference; fileEncoding = 4; lastKnownFileType = sourcecode.c.objc; name = ConsigneeBackend.m; path = GKCommerce/Consignee/Infrastructure/ConsigneeBackend.m; sourceTree = "<group>"; };
		9035D0601A0CC85000C6E53C /* ConsigneeEditInputTableViewCell.h */ = {isa = PBXFileReference; fileEncoding = 4; lastKnownFileType = sourcecode.c.h; name = ConsigneeEditInputTableViewCell.h; path = GKCommerce/Consignee/ConsigneeEdit/TableViewCell/ConsigneeEditInputTableViewCell.h; sourceTree = "<group>"; };
		9035D0611A0CC85000C6E53C /* ConsigneeEditInputTableViewCell.m */ = {isa = PBXFileReference; fileEncoding = 4; lastKnownFileType = sourcecode.c.objc; name = ConsigneeEditInputTableViewCell.m; path = GKCommerce/Consignee/ConsigneeEdit/TableViewCell/ConsigneeEditInputTableViewCell.m; sourceTree = "<group>"; };
		9035D0621A0CC85000C6E53C /* ConsigneeEditInputTableViewCell.xib */ = {isa = PBXFileReference; fileEncoding = 4; lastKnownFileType = file.xib; name = ConsigneeEditInputTableViewCell.xib; path = GKCommerce/Consignee/ConsigneeEdit/TableViewCell/ConsigneeEditInputTableViewCell.xib; sourceTree = "<group>"; };
		9035D0661A0CCAF300C6E53C /* AreaPickerViewController.h */ = {isa = PBXFileReference; fileEncoding = 4; lastKnownFileType = sourcecode.c.h; name = AreaPickerViewController.h; path = GKCommerce/Consignee/ConsigneeEdit/AreaPickerView/AreaPickerViewController.h; sourceTree = "<group>"; };
		9035D0671A0CCAF300C6E53C /* AreaPickerViewController.m */ = {isa = PBXFileReference; fileEncoding = 4; lastKnownFileType = sourcecode.c.objc; name = AreaPickerViewController.m; path = GKCommerce/Consignee/ConsigneeEdit/AreaPickerView/AreaPickerViewController.m; sourceTree = "<group>"; };
		9035D06A1A0CCF9600C6E53C /* ConsigneeEditView.xib */ = {isa = PBXFileReference; fileEncoding = 4; lastKnownFileType = file.xib; name = ConsigneeEditView.xib; path = GKCommerce/Consignee/ConsigneeEdit/View/ConsigneeEditView.xib; sourceTree = "<group>"; };
		B4C589DE174DDED3E8B4C467 /* Pods-GKCommerceTests.debug.xcconfig */ = {isa = PBXFileReference; includeInIndex = 1; lastKnownFileType = text.xcconfig; name = "Pods-GKCommerceTests.debug.xcconfig"; path = "Pods/Target Support Files/Pods-GKCommerceTests/Pods-GKCommerceTests.debug.xcconfig"; sourceTree = "<group>"; };
		C1C8545461A39C251C511C1B /* libPods-GKCommerce.a */ = {isa = PBXFileReference; explicitFileType = archive.ar; includeInIndex = 0; path = "libPods-GKCommerce.a"; sourceTree = BUILT_PRODUCTS_DIR; };
		D30F04DAA95470FEC1F317A5 /* Pods-GKCommerce.release.xcconfig */ = {isa = PBXFileReference; includeInIndex = 1; lastKnownFileType = text.xcconfig; name = "Pods-GKCommerce.release.xcconfig"; path = "Pods/Target Support Files/Pods-GKCommerce/Pods-GKCommerce.release.xcconfig"; sourceTree = "<group>"; };
		E3E132E5579A8A196FC0461A /* libPods-GKCommerceTests.a */ = {isa = PBXFileReference; explicitFileType = archive.ar; includeInIndex = 0; path = "libPods-GKCommerceTests.a"; sourceTree = BUILT_PRODUCTS_DIR; };
		E51E22851A17916D0005F39B /* ConsigneeView.xib */ = {isa = PBXFileReference; fileEncoding = 4; lastKnownFileType = file.xib; name = ConsigneeView.xib; path = GKCommerce/Consignee/Consignee/View/ConsigneeView.xib; sourceTree = "<group>"; };
		E51E22871A17918A0005F39B /* ConsigneeController.h */ = {isa = PBXFileReference; fileEncoding = 4; lastKnownFileType = sourcecode.c.h; name = ConsigneeController.h; path = GKCommerce/Consignee/Consignee/Controller/ConsigneeController.h; sourceTree = "<group>"; };
		E51E22881A17918A0005F39B /* ConsigneeController.m */ = {isa = PBXFileReference; fileEncoding = 4; lastKnownFileType = sourcecode.c.objc; name = ConsigneeController.m; path = GKCommerce/Consignee/Consignee/Controller/ConsigneeController.m; sourceTree = "<group>"; };
		E51E228A1A1793940005F39B /* ConsigneeDefines.h */ = {isa = PBXFileReference; fileEncoding = 4; lastKnownFileType = sourcecode.c.h; name = ConsigneeDefines.h; path = GKCommerce/Consignee/ConsigneeDefines.h; sourceTree = "<group>"; };
		E51E22911A1795F70005F39B /* ConsigneeTableViewCell.h */ = {isa = PBXFileReference; fileEncoding = 4; lastKnownFileType = sourcecode.c.h; name = ConsigneeTableViewCell.h; path = GKCommerce/Consignee/Consignee/TableViewCell/ConsigneeTableViewCell.h; sourceTree = "<group>"; };
		E51E22921A1795F70005F39B /* ConsigneeTableViewCell.m */ = {isa = PBXFileReference; fileEncoding = 4; lastKnownFileType = sourcecode.c.objc; name = ConsigneeTableViewCell.m; path = GKCommerce/Consignee/Consignee/TableViewCell/ConsigneeTableViewCell.m; sourceTree = "<group>"; };
		E51E22931A1795F70005F39B /* ConsigneeTableViewCell.xib */ = {isa = PBXFileReference; fileEncoding = 4; lastKnownFileType = file.xib; name = ConsigneeTableViewCell.xib; path = GKCommerce/Consignee/Consignee/TableViewCell/ConsigneeTableViewCell.xib; sourceTree = "<group>"; };
		E51E22981A17A2470005F39B /* ConsigneeListController.h */ = {isa = PBXFileReference; fileEncoding = 4; lastKnownFileType = sourcecode.c.h; name = ConsigneeListController.h; path = GKCommerce/Consignee/ConsigneeList/Controller/ConsigneeListController.h; sourceTree = "<group>"; };
		E51E22991A17A2470005F39B /* ConsigneeListController.m */ = {isa = PBXFileReference; fileEncoding = 4; lastKnownFileType = sourcecode.c.objc; name = ConsigneeListController.m; path = GKCommerce/Consignee/ConsigneeList/Controller/ConsigneeListController.m; sourceTree = "<group>"; };
		E51E229C1A17A2660005F39B /* ConsigneeListView.xib */ = {isa = PBXFileReference; fileEncoding = 4; lastKnownFileType = file.xib; name = ConsigneeListView.xib; path = GKCommerce/Consignee/ConsigneeList/View/ConsigneeListView.xib; sourceTree = "<group>"; };
		E51E229F1A17A2930005F39B /* ConsigneeListTableViewCell.h */ = {isa = PBXFileReference; fileEncoding = 4; lastKnownFileType = sourcecode.c.h; name = ConsigneeListTableViewCell.h; path = GKCommerce/Consignee/ConsigneeList/TableView/ConsigneeListTableViewCell.h; sourceTree = "<group>"; };
		E51E22A01A17A2930005F39B /* ConsigneeListTableViewCell.m */ = {isa = PBXFileReference; fileEncoding = 4; lastKnownFileType = sourcecode.c.objc; name = ConsigneeListTableViewCell.m; path = GKCommerce/Consignee/ConsigneeList/TableView/ConsigneeListTableViewCell.m; sourceTree = "<group>"; };
		E51E22A11A17A2930005F39B /* ConsigneeListTableViewCell.xib */ = {isa = PBXFileReference; fileEncoding = 4; lastKnownFileType = file.xib; name = ConsigneeListTableViewCell.xib; path = GKCommerce/Consignee/ConsigneeList/TableView/ConsigneeListTableViewCell.xib; sourceTree = "<group>"; };
		E51E22A41A17A3420005F39B /* ConsigneeListTableViewCellSelected.h */ = {isa = PBXFileReference; fileEncoding = 4; lastKnownFileType = sourcecode.c.h; name = ConsigneeListTableViewCellSelected.h; path = GKCommerce/Consignee/ConsigneeList/TableView/ConsigneeListTableViewCellSelected.h; sourceTree = "<group>"; };
		E51E22A51A17A3420005F39B /* ConsigneeListTableViewCellSelected.m */ = {isa = PBXFileReference; fileEncoding = 4; lastKnownFileType = sourcecode.c.objc; name = ConsigneeListTableViewCellSelected.m; path = GKCommerce/Consignee/ConsigneeList/TableView/ConsigneeListTableViewCellSelected.m; sourceTree = "<group>"; };
		E566A0F91A1650FD008CF286 /* UIBindableTableViewCell.h */ = {isa = PBXFileReference; fileEncoding = 4; lastKnownFileType = sourcecode.c.h; path = UIBindableTableViewCell.h; sourceTree = "<group>"; };
		E5C8061A1A1A081E00880B20 /* MineDefaultTableViewCell.xib */ = {isa = PBXFileReference; fileEncoding = 4; lastKnownFileType = file.xib; path = MineDefaultTableViewCell.xib; sourceTree = "<group>"; };
		E5C8061C1A1A3A1700880B20 /* MineHeaderPhotoTableViewCell.h */ = {isa = PBXFileReference; fileEncoding = 4; lastKnownFileType = sourcecode.c.h; path = MineHeaderPhotoTableViewCell.h; sourceTree = "<group>"; };
		E5C8061D1A1A3A1700880B20 /* MineHeaderPhotoTableViewCell.m */ = {isa = PBXFileReference; fileEncoding = 4; lastKnownFileType = sourcecode.c.objc; path = MineHeaderPhotoTableViewCell.m; sourceTree = "<group>"; };
		E5C8061E1A1A3A1700880B20 /* MineHeaderPhotoTableViewCell.xib */ = {isa = PBXFileReference; fileEncoding = 4; lastKnownFileType = file.xib; path = MineHeaderPhotoTableViewCell.xib; sourceTree = "<group>"; };
		E5C806231A1A467900880B20 /* Images.xcassets */ = {isa = PBXFileReference; lastKnownFileType = folder.assetcatalog; name = Images.xcassets; path = GKCommerce/AssetCatalog/Images.xcassets; sourceTree = "<group>"; };
		E5C806251A1A469700880B20 /* Mine.xcassets */ = {isa = PBXFileReference; lastKnownFileType = folder.assetcatalog; name = Mine.xcassets; path = GKCommerce/AssetCatalog/Mine.xcassets; sourceTree = "<group>"; };
		E5E2D3981A18AE9000338CF0 /* MineDefaultViewController.h */ = {isa = PBXFileReference; fileEncoding = 4; lastKnownFileType = sourcecode.c.h; path = MineDefaultViewController.h; sourceTree = "<group>"; };
		E5E2D3991A18AE9000338CF0 /* MineDefaultViewController.m */ = {isa = PBXFileReference; fileEncoding = 4; lastKnownFileType = sourcecode.c.objc; path = MineDefaultViewController.m; sourceTree = "<group>"; };
		E5E2D39B1A18AE9000338CF0 /* MineDefaultTableViewCell.h */ = {isa = PBXFileReference; fileEncoding = 4; lastKnownFileType = sourcecode.c.h; path = MineDefaultTableViewCell.h; sourceTree = "<group>"; };
		E5E2D39C1A18AE9000338CF0 /* MineDefaultTableViewCell.m */ = {isa = PBXFileReference; fileEncoding = 4; lastKnownFileType = sourcecode.c.objc; path = MineDefaultTableViewCell.m; sourceTree = "<group>"; };
		E5E2D39F1A18AE9000338CF0 /* MineDefaultView.xib */ = {isa = PBXFileReference; fileEncoding = 4; lastKnownFileType = file.xib; path = MineDefaultView.xib; sourceTree = "<group>"; };
/* End PBXFileReference section */

/* Begin PBXFrameworksBuildPhase section */
		9035D00B1A0CB3E100C6E53C /* Frameworks */ = {
			isa = PBXFrameworksBuildPhase;
			buildActionMask = 2147483647;
			files = (
				1E06633B3B33A33EDD65F7EA /* libPods-GKCommerce.a in Frameworks */,
			);
			runOnlyForDeploymentPostprocessing = 0;
		};
		9035D0271A0CB3E100C6E53C /* Frameworks */ = {
			isa = PBXFrameworksBuildPhase;
			buildActionMask = 2147483647;
			files = (
				0992CA669326CFE8B21C9B26 /* libPods-GKCommerceTests.a in Frameworks */,
			);
			runOnlyForDeploymentPostprocessing = 0;
		};
/* End PBXFrameworksBuildPhase section */

/* Begin PBXGroup section */
		08FC101C5C672BD3BFF1DFEA /* Frameworks */ = {
			isa = PBXGroup;
			children = (
				C1C8545461A39C251C511C1B /* libPods-GKCommerce.a */,
				E3E132E5579A8A196FC0461A /* libPods-GKCommerceTests.a */,
			);
			name = Frameworks;
			sourceTree = "<group>";
		};
		9035D0051A0CB3E100C6E53C = {
			isa = PBXGroup;
			children = (
				E5C806221A1A465E00880B20 /* AssetCatalog */,
				9035D0101A0CB3E100C6E53C /* GKCommerce */,
				9035D02D1A0CB3E100C6E53C /* GKCommerceTests */,
				9035D00F1A0CB3E100C6E53C /* Products */,
				948AF1F24B1CFB688277EE47 /* Pods */,
				08FC101C5C672BD3BFF1DFEA /* Frameworks */,
			);
			sourceTree = "<group>";
		};
		9035D00F1A0CB3E100C6E53C /* Products */ = {
			isa = PBXGroup;
			children = (
				9035D00E1A0CB3E100C6E53C /* GKCommerce.app */,
				9035D02A1A0CB3E100C6E53C /* GKCommerceTests.xctest */,
			);
			name = Products;
			sourceTree = "<group>";
		};
		9035D0101A0CB3E100C6E53C /* GKCommerce */ = {
			isa = PBXGroup;
			children = (
				E549C1871A1B8E850014656D /* User */,
				E566A0F81A1650FD008CF286 /* Protocol */,
				9035D04E1A0CC2D200C6E53C /* Consignee */,
				9035D0431A0CC00C00C6E53C /* Mine */,
				9035D03D1A0CBF5900C6E53C /* App */,
				9035D01B1A0CB3E100C6E53C /* ViewController.h */,
				9035D01C1A0CB3E100C6E53C /* ViewController.m */,
				9035D0231A0CB3E100C6E53C /* LaunchScreen.xib */,
				9035D0181A0CB3E100C6E53C /* GKCommerce.xcdatamodeld */,
				9035D0111A0CB3E100C6E53C /* Supporting Files */,
			);
			path = GKCommerce;
			sourceTree = "<group>";
		};
		9035D0111A0CB3E100C6E53C /* Supporting Files */ = {
			isa = PBXGroup;
			children = (
				9035D0121A0CB3E100C6E53C /* Info.plist */,
				9035D0131A0CB3E100C6E53C /* main.m */,
			);
			name = "Supporting Files";
			sourceTree = "<group>";
		};
		9035D02D1A0CB3E100C6E53C /* GKCommerceTests */ = {
			isa = PBXGroup;
			children = (
				9035D0301A0CB3E100C6E53C /* GKCommerceTests.m */,
				9035D02E1A0CB3E100C6E53C /* Supporting Files */,
			);
			path = GKCommerceTests;
			sourceTree = "<group>";
		};
		9035D02E1A0CB3E100C6E53C /* Supporting Files */ = {
			isa = PBXGroup;
			children = (
				9035D02F1A0CB3E100C6E53C /* Info.plist */,
			);
			name = "Supporting Files";
			sourceTree = "<group>";
		};
		9035D03D1A0CBF5900C6E53C /* App */ = {
			isa = PBXGroup;
			children = (
				9035D03E1A0CBF5900C6E53C /* AppDelegate.h */,
				9035D03F1A0CBF5900C6E53C /* AppDelegate.m */,
				9035D0401A0CBF5900C6E53C /* AppView.xib */,
			);
			name = App;
			path = GKCommerce/App;
			sourceTree = "<group>";
		};
		9035D0431A0CC00C00C6E53C /* Mine */ = {
			isa = PBXGroup;
			children = (
				E5E2D3961A18AE9000338CF0 /* MineDefault */,
			);
			name = Mine;
			sourceTree = "<group>";
		};
		9035D04E1A0CC2D200C6E53C /* Consignee */ = {
			isa = PBXGroup;
			children = (
				E51E22961A17A2010005F39B /* ConsigneeList */,
				E51E227C1A1790DE0005F39B /* Consignee */,
				9035D05B1A0CC55100C6E53C /* Infrastructure */,
				9035D0541A0CC45000C6E53C /* Model */,
				9035D04F1A0CC31100C6E53C /* ConsigneeEdit */,
				E51E228A1A1793940005F39B /* ConsigneeDefines.h */,
			);
			name = Consignee;
			sourceTree = "<group>";
		};
		9035D04F1A0CC31100C6E53C /* ConsigneeEdit */ = {
			isa = PBXGroup;
			children = (
				9035D0691A0CCF7800C6E53C /* View */,
				9035D0651A0CCABA00C6E53C /* AreaPickerView */,
				9035D05F1A0CC82700C6E53C /* TableViewCell */,
				9035D0501A0CC41000C6E53C /* Controller */,
			);
			name = ConsigneeEdit;
			sourceTree = "<group>";
		};
		9035D0501A0CC41000C6E53C /* Controller */ = {
			isa = PBXGroup;
			children = (
				9035D0511A0CC44400C6E53C /* ConsigneeEditController.h */,
				9035D0521A0CC44400C6E53C /* ConsigneeEditController.m */,
			);
			name = Controller;
			sourceTree = "<group>";
		};
		9035D0541A0CC45000C6E53C /* Model */ = {
			isa = PBXGroup;
			children = (
				9035D0551A0CC46B00C6E53C /* Consignee.h */,
				9035D0561A0CC46B00C6E53C /* Consignee.m */,
				9035D0581A0CC4A500C6E53C /* Area.h */,
				9035D0591A0CC4A500C6E53C /* Area.m */,
			);
			name = Model;
			sourceTree = "<group>";
		};
		9035D05B1A0CC55100C6E53C /* Infrastructure */ = {
			isa = PBXGroup;
			children = (
				9035D05C1A0CC58100C6E53C /* ConsigneeBackend.h */,
				9035D05D1A0CC58100C6E53C /* ConsigneeBackend.m */,
				9006D6561A1541D000511D28 /* ConsigneeJSONAssembler.h */,
				9006D6571A1541D000511D28 /* ConsigneeJSONAssembler.m */,
				9006D6591A15424800511D28 /* AreaJSONAssembler.h */,
				9006D65A1A15424800511D28 /* AreaJSONAssembler.m */,
			);
			name = Infrastructure;
			sourceTree = "<group>";
		};
		9035D05F1A0CC82700C6E53C /* TableViewCell */ = {
			isa = PBXGroup;
			children = (
				9035D0601A0CC85000C6E53C /* ConsigneeEditInputTableViewCell.h */,
				9035D0611A0CC85000C6E53C /* ConsigneeEditInputTableViewCell.m */,
				9035D0621A0CC85000C6E53C /* ConsigneeEditInputTableViewCell.xib */,
			);
			name = TableViewCell;
			sourceTree = "<group>";
		};
		9035D0651A0CCABA00C6E53C /* AreaPickerView */ = {
			isa = PBXGroup;
			children = (
				9035D0661A0CCAF300C6E53C /* AreaPickerViewController.h */,
				9035D0671A0CCAF300C6E53C /* AreaPickerViewController.m */,
			);
			name = AreaPickerView;
			sourceTree = "<group>";
		};
		9035D0691A0CCF7800C6E53C /* View */ = {
			isa = PBXGroup;
			children = (
				9035D06A1A0CCF9600C6E53C /* ConsigneeEditView.xib */,
			);
			name = View;
			sourceTree = "<group>";
		};
		948AF1F24B1CFB688277EE47 /* Pods */ = {
			isa = PBXGroup;
			children = (
				2D28A982971F329F7D715EE8 /* Pods-GKCommerce.debug.xcconfig */,
				D30F04DAA95470FEC1F317A5 /* Pods-GKCommerce.release.xcconfig */,
				B4C589DE174DDED3E8B4C467 /* Pods-GKCommerceTests.debug.xcconfig */,
				2DDB3FAE6F1F7518FFB3443A /* Pods-GKCommerceTests.release.xcconfig */,
			);
			name = Pods;
			sourceTree = "<group>";
		};
		E51E227C1A1790DE0005F39B /* Consignee */ = {
			isa = PBXGroup;
			children = (
				E51E22821A1791330005F39B /* TableViewCell */,
				E51E227E1A1790F60005F39B /* Controller */,
				E51E227D1A1790F10005F39B /* View */,
			);
			name = Consignee;
			sourceTree = "<group>";
		};
		E51E227D1A1790F10005F39B /* View */ = {
			isa = PBXGroup;
			children = (
				E51E22851A17916D0005F39B /* ConsigneeView.xib */,
			);
			name = View;
			sourceTree = "<group>";
		};
		E51E227E1A1790F60005F39B /* Controller */ = {
			isa = PBXGroup;
			children = (
				E51E22871A17918A0005F39B /* ConsigneeController.h */,
				E51E22881A17918A0005F39B /* ConsigneeController.m */,
			);
			name = Controller;
			sourceTree = "<group>";
		};
		E51E22821A1791330005F39B /* TableViewCell */ = {
			isa = PBXGroup;
			children = (
				E51E22911A1795F70005F39B /* ConsigneeTableViewCell.h */,
				E51E22921A1795F70005F39B /* ConsigneeTableViewCell.m */,
				E51E22931A1795F70005F39B /* ConsigneeTableViewCell.xib */,
			);
			name = TableViewCell;
			sourceTree = "<group>";
		};
		E51E22961A17A2010005F39B /* ConsigneeList */ = {
			isa = PBXGroup;
			children = (
				E51E229E1A17A2690005F39B /* TableViewCell */,
				E51E229B1A17A24B0005F39B /* View */,
				E51E22971A17A20B0005F39B /* Controller */,
			);
			name = ConsigneeList;
			sourceTree = "<group>";
		};
		E51E22971A17A20B0005F39B /* Controller */ = {
			isa = PBXGroup;
			children = (
				E51E22981A17A2470005F39B /* ConsigneeListController.h */,
				E51E22991A17A2470005F39B /* ConsigneeListController.m */,
			);
			name = Controller;
			sourceTree = "<group>";
		};
		E51E229B1A17A24B0005F39B /* View */ = {
			isa = PBXGroup;
			children = (
				E51E229C1A17A2660005F39B /* ConsigneeListView.xib */,
			);
			name = View;
			sourceTree = "<group>";
		};
		E51E229E1A17A2690005F39B /* TableViewCell */ = {
			isa = PBXGroup;
			children = (
				E51E229F1A17A2930005F39B /* ConsigneeListTableViewCell.h */,
				E51E22A01A17A2930005F39B /* ConsigneeListTableViewCell.m */,
				E51E22A11A17A2930005F39B /* ConsigneeListTableViewCell.xib */,
				E51E22A41A17A3420005F39B /* ConsigneeListTableViewCellSelected.h */,
				E51E22A51A17A3420005F39B /* ConsigneeListTableViewCellSelected.m */,
			);
			name = TableViewCell;
			sourceTree = "<group>";
		};
		E549C1871A1B8E850014656D /* User */ = {
			isa = PBXGroup;
			children = (
				E549C1881A1B8E8A0014656D /* Authentication */,
			);
			name = User;
			sourceTree = "<group>";
		};
		E549C1881A1B8E8A0014656D /* Authentication */ = {
			isa = PBXGroup;
			children = (
			);
			name = Authentication;
			sourceTree = "<group>";
		};
		E566A0F81A1650FD008CF286 /* Protocol */ = {
			isa = PBXGroup;
			children = (
				E566A0F91A1650FD008CF286 /* UIBindableTableViewCell.h */,
			);
			name = Protocol;
			path = GKCommerce/Protocol;
			sourceTree = "<group>";
		};
		E5C806221A1A465E00880B20 /* AssetCatalog */ = {
			isa = PBXGroup;
			children = (
				E5C806231A1A467900880B20 /* Images.xcassets */,
				E5C806251A1A469700880B20 /* Mine.xcassets */,
			);
			name = AssetCatalog;
			sourceTree = "<group>";
		};
		E5E2D3961A18AE9000338CF0 /* MineDefault */ = {
			isa = PBXGroup;
			children = (
				E5E2D3971A18AE9000338CF0 /* Controller */,
				E5E2D39A1A18AE9000338CF0 /* TableViewCell */,
				E5E2D39D1A18AE9000338CF0 /* View */,
			);
			name = MineDefault;
			path = GKCommerce/Mine/MineDefault;
			sourceTree = "<group>";
		};
		E5E2D3971A18AE9000338CF0 /* Controller */ = {
			isa = PBXGroup;
			children = (
				E5E2D3981A18AE9000338CF0 /* MineDefaultViewController.h */,
				E5E2D3991A18AE9000338CF0 /* MineDefaultViewController.m */,
			);
			path = Controller;
			sourceTree = "<group>";
		};
		E5E2D39A1A18AE9000338CF0 /* TableViewCell */ = {
			isa = PBXGroup;
			children = (
				E5E2D39B1A18AE9000338CF0 /* MineDefaultTableViewCell.h */,
				E5E2D39C1A18AE9000338CF0 /* MineDefaultTableViewCell.m */,
				E5C8061A1A1A081E00880B20 /* MineDefaultTableViewCell.xib */,
				E5C8061C1A1A3A1700880B20 /* MineHeaderPhotoTableViewCell.h */,
				E5C8061D1A1A3A1700880B20 /* MineHeaderPhotoTableViewCell.m */,
				E5C8061E1A1A3A1700880B20 /* MineHeaderPhotoTableViewCell.xib */,
			);
			path = TableViewCell;
			sourceTree = "<group>";
		};
		E5E2D39D1A18AE9000338CF0 /* View */ = {
			isa = PBXGroup;
			children = (
				E5E2D39F1A18AE9000338CF0 /* MineDefaultView.xib */,
			);
			path = View;
			sourceTree = "<group>";
		};
/* End PBXGroup section */

/* Begin PBXNativeTarget section */
		9035D00D1A0CB3E100C6E53C /* GKCommerce */ = {
			isa = PBXNativeTarget;
			buildConfigurationList = 9035D0341A0CB3E100C6E53C /* Build configuration list for PBXNativeTarget "GKCommerce" */;
			buildPhases = (
				C04494BCE37C00A339376121 /* Check Pods Manifest.lock */,
				9035D00A1A0CB3E100C6E53C /* Sources */,
				9035D00B1A0CB3E100C6E53C /* Frameworks */,
				9035D00C1A0CB3E100C6E53C /* Resources */,
				95CD7B2E5077AD33C991A969 /* Copy Pods Resources */,
			);
			buildRules = (
			);
			dependencies = (
			);
			name = GKCommerce;
			productName = GKCommerce;
			productReference = 9035D00E1A0CB3E100C6E53C /* GKCommerce.app */;
			productType = "com.apple.product-type.application";
		};
		9035D0291A0CB3E100C6E53C /* GKCommerceTests */ = {
			isa = PBXNativeTarget;
			buildConfigurationList = 9035D0371A0CB3E100C6E53C /* Build configuration list for PBXNativeTarget "GKCommerceTests" */;
			buildPhases = (
				69873940898D82DFB9F40D24 /* Check Pods Manifest.lock */,
				9035D0261A0CB3E100C6E53C /* Sources */,
				9035D0271A0CB3E100C6E53C /* Frameworks */,
				9035D0281A0CB3E100C6E53C /* Resources */,
				C7371EDA0CB925C5BA2FA65A /* Copy Pods Resources */,
			);
			buildRules = (
			);
			dependencies = (
				9035D02C1A0CB3E100C6E53C /* PBXTargetDependency */,
			);
			name = GKCommerceTests;
			productName = GKCommerceTests;
			productReference = 9035D02A1A0CB3E100C6E53C /* GKCommerceTests.xctest */;
			productType = "com.apple.product-type.bundle.unit-test";
		};
/* End PBXNativeTarget section */

/* Begin PBXProject section */
		9035D0061A0CB3E100C6E53C /* Project object */ = {
			isa = PBXProject;
			attributes = {
				LastUpgradeCheck = 0610;
				ORGANIZATIONNAME = GKCommerce;
				TargetAttributes = {
					9035D00D1A0CB3E100C6E53C = {
						CreatedOnToolsVersion = 6.1;
						DevelopmentTeam = 533B6LVV6T;
					};
					9035D0291A0CB3E100C6E53C = {
						CreatedOnToolsVersion = 6.1;
						TestTargetID = 9035D00D1A0CB3E100C6E53C;
					};
				};
			};
			buildConfigurationList = 9035D0091A0CB3E100C6E53C /* Build configuration list for PBXProject "GKCommerce" */;
			compatibilityVersion = "Xcode 3.2";
			developmentRegion = English;
			hasScannedForEncodings = 0;
			knownRegions = (
				en,
				Base,
			);
			mainGroup = 9035D0051A0CB3E100C6E53C;
			productRefGroup = 9035D00F1A0CB3E100C6E53C /* Products */;
			projectDirPath = "";
			projectRoot = "";
			targets = (
				9035D00D1A0CB3E100C6E53C /* GKCommerce */,
				9035D0291A0CB3E100C6E53C /* GKCommerceTests */,
			);
		};
/* End PBXProject section */

/* Begin PBXResourcesBuildPhase section */
		9035D00C1A0CB3E100C6E53C /* Resources */ = {
			isa = PBXResourcesBuildPhase;
			buildActionMask = 2147483647;
			files = (
				9035D0641A0CC85000C6E53C /* ConsigneeEditInputTableViewCell.xib in Resources */,
				E51E22A31A17A2930005F39B /* ConsigneeListTableViewCell.xib in Resources */,
				E51E22951A1795F70005F39B /* ConsigneeTableViewCell.xib in Resources */,
				9035D06B1A0CCF9600C6E53C /* ConsigneeEditView.xib in Resources */,
				E5C806201A1A3A1700880B20 /* MineHeaderPhotoTableViewCell.xib in Resources */,
				9035D0421A0CBF5900C6E53C /* AppView.xib in Resources */,
				E5C8061B1A1A081E00880B20 /* MineDefaultTableViewCell.xib in Resources */,
				E5C806261A1A469700880B20 /* Mine.xcassets in Resources */,
				E51E229D1A17A2660005F39B /* ConsigneeListView.xib in Resources */,
				E5E2D3A31A18AE9000338CF0 /* MineDefaultView.xib in Resources */,
				E5C806241A1A467900880B20 /* Images.xcassets in Resources */,
				9035D0251A0CB3E100C6E53C /* LaunchScreen.xib in Resources */,
				E51E22861A17916D0005F39B /* ConsigneeView.xib in Resources */,
			);
			runOnlyForDeploymentPostprocessing = 0;
		};
		9035D0281A0CB3E100C6E53C /* Resources */ = {
			isa = PBXResourcesBuildPhase;
			buildActionMask = 2147483647;
			files = (
			);
			runOnlyForDeploymentPostprocessing = 0;
		};
/* End PBXResourcesBuildPhase section */

/* Begin PBXShellScriptBuildPhase section */
		69873940898D82DFB9F40D24 /* Check Pods Manifest.lock */ = {
			isa = PBXShellScriptBuildPhase;
			buildActionMask = 2147483647;
			files = (
			);
			inputPaths = (
			);
			name = "Check Pods Manifest.lock";
			outputPaths = (
			);
			runOnlyForDeploymentPostprocessing = 0;
			shellPath = /bin/sh;
			shellScript = "diff \"${PODS_ROOT}/../Podfile.lock\" \"${PODS_ROOT}/Manifest.lock\" > /dev/null\nif [[ $? != 0 ]] ; then\n    cat << EOM\nerror: The sandbox is not in sync with the Podfile.lock. Run 'pod install' or update your CocoaPods installation.\nEOM\n    exit 1\nfi\n";
			showEnvVarsInLog = 0;
		};
		95CD7B2E5077AD33C991A969 /* Copy Pods Resources */ = {
			isa = PBXShellScriptBuildPhase;
			buildActionMask = 2147483647;
			files = (
			);
			inputPaths = (
			);
			name = "Copy Pods Resources";
			outputPaths = (
			);
			runOnlyForDeploymentPostprocessing = 0;
			shellPath = /bin/sh;
			shellScript = "\"${SRCROOT}/Pods/Target Support Files/Pods-GKCommerce/Pods-GKCommerce-resources.sh\"\n";
			showEnvVarsInLog = 0;
		};
		C04494BCE37C00A339376121 /* Check Pods Manifest.lock */ = {
			isa = PBXShellScriptBuildPhase;
			buildActionMask = 2147483647;
			files = (
			);
			inputPaths = (
			);
			name = "Check Pods Manifest.lock";
			outputPaths = (
			);
			runOnlyForDeploymentPostprocessing = 0;
			shellPath = /bin/sh;
			shellScript = "diff \"${PODS_ROOT}/../Podfile.lock\" \"${PODS_ROOT}/Manifest.lock\" > /dev/null\nif [[ $? != 0 ]] ; then\n    cat << EOM\nerror: The sandbox is not in sync with the Podfile.lock. Run 'pod install' or update your CocoaPods installation.\nEOM\n    exit 1\nfi\n";
			showEnvVarsInLog = 0;
		};
		C7371EDA0CB925C5BA2FA65A /* Copy Pods Resources */ = {
			isa = PBXShellScriptBuildPhase;
			buildActionMask = 2147483647;
			files = (
			);
			inputPaths = (
			);
			name = "Copy Pods Resources";
			outputPaths = (
			);
			runOnlyForDeploymentPostprocessing = 0;
			shellPath = /bin/sh;
			shellScript = "\"${SRCROOT}/Pods/Target Support Files/Pods-GKCommerceTests/Pods-GKCommerceTests-resources.sh\"\n";
			showEnvVarsInLog = 0;
		};
/* End PBXShellScriptBuildPhase section */

/* Begin PBXSourcesBuildPhase section */
		9035D00A1A0CB3E100C6E53C /* Sources */ = {
			isa = PBXSourcesBuildPhase;
			buildActionMask = 2147483647;
			files = (
				9035D0411A0CBF5900C6E53C /* AppDelegate.m in Sources */,
				E51E22941A1795F70005F39B /* ConsigneeTableViewCell.m in Sources */,
				9035D01A1A0CB3E100C6E53C /* GKCommerce.xcdatamodeld in Sources */,
				9006D6581A1541D000511D28 /* ConsigneeJSONAssembler.m in Sources */,
				9035D05A1A0CC4A500C6E53C /* Area.m in Sources */,
				E51E229A1A17A2470005F39B /* ConsigneeListController.m in Sources */,
				E5E2D3A01A18AE9000338CF0 /* MineDefaultViewController.m in Sources */,
				9006D65B1A15424800511D28 /* AreaJSONAssembler.m in Sources */,
				9035D01D1A0CB3E100C6E53C /* ViewController.m in Sources */,
				E51E22A21A17A2930005F39B /* ConsigneeListTableViewCell.m in Sources */,
				9035D05E1A0CC58100C6E53C /* ConsigneeBackend.m in Sources */,
				E51E22A61A17A3420005F39B /* ConsigneeListTableViewCellSelected.m in Sources */,
				9035D0681A0CCAF300C6E53C /* AreaPickerViewController.m in Sources */,
				E51E228B1A1793940005F39B /* ConsigneeDefines.h in Sources */,
				E5E2D3A11A18AE9000338CF0 /* MineDefaultTableViewCell.m in Sources */,
				E51E22891A17918A0005F39B /* ConsigneeController.m in Sources */,
				9035D0141A0CB3E100C6E53C /* main.m in Sources */,
				E5C8061F1A1A3A1700880B20 /* MineHeaderPhotoTableViewCell.m in Sources */,
				9035D0571A0CC46B00C6E53C /* Consignee.m in Sources */,
				9035D0631A0CC85000C6E53C /* ConsigneeEditInputTableViewCell.m in Sources */,
				9035D0531A0CC44400C6E53C /* ConsigneeEditController.m in Sources */,
			);
			runOnlyForDeploymentPostprocessing = 0;
		};
		9035D0261A0CB3E100C6E53C /* Sources */ = {
			isa = PBXSourcesBuildPhase;
			buildActionMask = 2147483647;
			files = (
				9035D0311A0CB3E100C6E53C /* GKCommerceTests.m in Sources */,
			);
			runOnlyForDeploymentPostprocessing = 0;
		};
/* End PBXSourcesBuildPhase section */

/* Begin PBXTargetDependency section */
		9035D02C1A0CB3E100C6E53C /* PBXTargetDependency */ = {
			isa = PBXTargetDependency;
			target = 9035D00D1A0CB3E100C6E53C /* GKCommerce */;
			targetProxy = 9035D02B1A0CB3E100C6E53C /* PBXContainerItemProxy */;
		};
/* End PBXTargetDependency section */

/* Begin PBXVariantGroup section */
		9035D0231A0CB3E100C6E53C /* LaunchScreen.xib */ = {
			isa = PBXVariantGroup;
			children = (
				9035D0241A0CB3E100C6E53C /* Base */,
			);
			name = LaunchScreen.xib;
			sourceTree = "<group>";
		};
/* End PBXVariantGroup section */

/* Begin XCBuildConfiguration section */
		9035D0321A0CB3E100C6E53C /* Debug */ = {
			isa = XCBuildConfiguration;
			buildSettings = {
				ALWAYS_SEARCH_USER_PATHS = NO;
				CLANG_CXX_LANGUAGE_STANDARD = "gnu++0x";
				CLANG_CXX_LIBRARY = "libc++";
				CLANG_ENABLE_MODULES = YES;
				CLANG_ENABLE_OBJC_ARC = YES;
				CLANG_WARN_BOOL_CONVERSION = YES;
				CLANG_WARN_CONSTANT_CONVERSION = YES;
				CLANG_WARN_DIRECT_OBJC_ISA_USAGE = YES_ERROR;
				CLANG_WARN_EMPTY_BODY = YES;
				CLANG_WARN_ENUM_CONVERSION = YES;
				CLANG_WARN_INT_CONVERSION = YES;
				CLANG_WARN_OBJC_ROOT_CLASS = YES_ERROR;
				CLANG_WARN_UNREACHABLE_CODE = YES;
				CLANG_WARN__DUPLICATE_METHOD_MATCH = YES;
				"CODE_SIGN_IDENTITY[sdk=iphoneos*]" = "iPhone Developer";
				COPY_PHASE_STRIP = NO;
				ENABLE_STRICT_OBJC_MSGSEND = YES;
				GCC_C_LANGUAGE_STANDARD = gnu99;
				GCC_DYNAMIC_NO_PIC = NO;
				GCC_OPTIMIZATION_LEVEL = 0;
				GCC_PREPROCESSOR_DEFINITIONS = (
					"DEBUG=1",
					"$(inherited)",
				);
				GCC_SYMBOLS_PRIVATE_EXTERN = NO;
				GCC_WARN_64_TO_32_BIT_CONVERSION = YES;
				GCC_WARN_ABOUT_RETURN_TYPE = YES_ERROR;
				GCC_WARN_UNDECLARED_SELECTOR = YES;
				GCC_WARN_UNINITIALIZED_AUTOS = YES_AGGRESSIVE;
				GCC_WARN_UNUSED_FUNCTION = YES;
				GCC_WARN_UNUSED_VARIABLE = YES;
				IPHONEOS_DEPLOYMENT_TARGET = 8.1;
				MTL_ENABLE_DEBUG_INFO = YES;
				ONLY_ACTIVE_ARCH = YES;
				SDKROOT = iphoneos;
			};
			name = Debug;
		};
		9035D0331A0CB3E100C6E53C /* Release */ = {
			isa = XCBuildConfiguration;
			buildSettings = {
				ALWAYS_SEARCH_USER_PATHS = NO;
				CLANG_CXX_LANGUAGE_STANDARD = "gnu++0x";
				CLANG_CXX_LIBRARY = "libc++";
				CLANG_ENABLE_MODULES = YES;
				CLANG_ENABLE_OBJC_ARC = YES;
				CLANG_WARN_BOOL_CONVERSION = YES;
				CLANG_WARN_CONSTANT_CONVERSION = YES;
				CLANG_WARN_DIRECT_OBJC_ISA_USAGE = YES_ERROR;
				CLANG_WARN_EMPTY_BODY = YES;
				CLANG_WARN_ENUM_CONVERSION = YES;
				CLANG_WARN_INT_CONVERSION = YES;
				CLANG_WARN_OBJC_ROOT_CLASS = YES_ERROR;
				CLANG_WARN_UNREACHABLE_CODE = YES;
				CLANG_WARN__DUPLICATE_METHOD_MATCH = YES;
				"CODE_SIGN_IDENTITY[sdk=iphoneos*]" = "iPhone Developer";
				COPY_PHASE_STRIP = YES;
				ENABLE_NS_ASSERTIONS = NO;
				ENABLE_STRICT_OBJC_MSGSEND = YES;
				GCC_C_LANGUAGE_STANDARD = gnu99;
				GCC_WARN_64_TO_32_BIT_CONVERSION = YES;
				GCC_WARN_ABOUT_RETURN_TYPE = YES_ERROR;
				GCC_WARN_UNDECLARED_SELECTOR = YES;
				GCC_WARN_UNINITIALIZED_AUTOS = YES_AGGRESSIVE;
				GCC_WARN_UNUSED_FUNCTION = YES;
				GCC_WARN_UNUSED_VARIABLE = YES;
				IPHONEOS_DEPLOYMENT_TARGET = 8.1;
				MTL_ENABLE_DEBUG_INFO = NO;
				SDKROOT = iphoneos;
				VALIDATE_PRODUCT = YES;
			};
			name = Release;
		};
		9035D0351A0CB3E100C6E53C /* Debug */ = {
			isa = XCBuildConfiguration;
			baseConfigurationReference = 2D28A982971F329F7D715EE8 /* Pods-GKCommerce.debug.xcconfig */;
			buildSettings = {
				ASSETCATALOG_COMPILER_APPICON_NAME = AppIcon;
				ASSETCATALOG_COMPILER_LAUNCHIMAGE_NAME = LaunchImage;
				CODE_SIGN_IDENTITY = "iPhone Developer";
				"CODE_SIGN_IDENTITY[sdk=iphoneos*]" = "iPhone Developer";
				INFOPLIST_FILE = GKCommerce/Info.plist;
				IPHONEOS_DEPLOYMENT_TARGET = 6.0;
				LD_RUNPATH_SEARCH_PATHS = "$(inherited) @executable_path/Frameworks";
				PRODUCT_NAME = "$(TARGET_NAME)";
				PROVISIONING_PROFILE = "";
			};
			name = Debug;
		};
		9035D0361A0CB3E100C6E53C /* Release */ = {
			isa = XCBuildConfiguration;
			baseConfigurationReference = D30F04DAA95470FEC1F317A5 /* Pods-GKCommerce.release.xcconfig */;
			buildSettings = {
				ASSETCATALOG_COMPILER_APPICON_NAME = AppIcon;
				ASSETCATALOG_COMPILER_LAUNCHIMAGE_NAME = LaunchImage;
				CODE_SIGN_IDENTITY = "iPhone Developer";
				"CODE_SIGN_IDENTITY[sdk=iphoneos*]" = "iPhone Developer";
				INFOPLIST_FILE = GKCommerce/Info.plist;
				IPHONEOS_DEPLOYMENT_TARGET = 6.0;
				LD_RUNPATH_SEARCH_PATHS = "$(inherited) @executable_path/Frameworks";
				PRODUCT_NAME = "$(TARGET_NAME)";
				PROVISIONING_PROFILE = "";
			};
			name = Release;
		};
		9035D0381A0CB3E100C6E53C /* Debug */ = {
			isa = XCBuildConfiguration;
			baseConfigurationReference = B4C589DE174DDED3E8B4C467 /* Pods-GKCommerceTests.debug.xcconfig */;
			buildSettings = {
				BUNDLE_LOADER = "$(TEST_HOST)";
				FRAMEWORK_SEARCH_PATHS = (
					"$(SDKROOT)/Developer/Library/Frameworks",
					"$(inherited)",
				);
				GCC_PREPROCESSOR_DEFINITIONS = (
					"DEBUG=1",
					"$(inherited)",
				);
				INFOPLIST_FILE = GKCommerceTests/Info.plist;
				LD_RUNPATH_SEARCH_PATHS = "$(inherited) @executable_path/Frameworks @loader_path/Frameworks";
				PRODUCT_NAME = "$(TARGET_NAME)";
				TEST_HOST = "$(BUILT_PRODUCTS_DIR)/GKCommerce.app/GKCommerce";
			};
			name = Debug;
		};
		9035D0391A0CB3E100C6E53C /* Release */ = {
			isa = XCBuildConfiguration;
			baseConfigurationReference = 2DDB3FAE6F1F7518FFB3443A /* Pods-GKCommerceTests.release.xcconfig */;
			buildSettings = {
				BUNDLE_LOADER = "$(TEST_HOST)";
				FRAMEWORK_SEARCH_PATHS = (
					"$(SDKROOT)/Developer/Library/Frameworks",
					"$(inherited)",
				);
				INFOPLIST_FILE = GKCommerceTests/Info.plist;
				LD_RUNPATH_SEARCH_PATHS = "$(inherited) @executable_path/Frameworks @loader_path/Frameworks";
				PRODUCT_NAME = "$(TARGET_NAME)";
				TEST_HOST = "$(BUILT_PRODUCTS_DIR)/GKCommerce.app/GKCommerce";
			};
			name = Release;
		};
/* End XCBuildConfiguration section */

/* Begin XCConfigurationList section */
		9035D0091A0CB3E100C6E53C /* Build configuration list for PBXProject "GKCommerce" */ = {
			isa = XCConfigurationList;
			buildConfigurations = (
				9035D0321A0CB3E100C6E53C /* Debug */,
				9035D0331A0CB3E100C6E53C /* Release */,
			);
			defaultConfigurationIsVisible = 0;
			defaultConfigurationName = Release;
		};
		9035D0341A0CB3E100C6E53C /* Build configuration list for PBXNativeTarget "GKCommerce" */ = {
			isa = XCConfigurationList;
			buildConfigurations = (
				9035D0351A0CB3E100C6E53C /* Debug */,
				9035D0361A0CB3E100C6E53C /* Release */,
			);
			defaultConfigurationIsVisible = 0;
			defaultConfigurationName = Release;
		};
		9035D0371A0CB3E100C6E53C /* Build configuration list for PBXNativeTarget "GKCommerceTests" */ = {
			isa = XCConfigurationList;
			buildConfigurations = (
				9035D0381A0CB3E100C6E53C /* Debug */,
				9035D0391A0CB3E100C6E53C /* Release */,
			);
			defaultConfigurationIsVisible = 0;
			defaultConfigurationName = Release;
		};
/* End XCConfigurationList section */

/* Begin XCVersionGroup section */
		9035D0181A0CB3E100C6E53C /* GKCommerce.xcdatamodeld */ = {
			isa = XCVersionGroup;
			children = (
				9035D0191A0CB3E100C6E53C /* GKCommerce.xcdatamodel */,
			);
			currentVersion = 9035D0191A0CB3E100C6E53C /* GKCommerce.xcdatamodel */;
			path = GKCommerce.xcdatamodeld;
			sourceTree = "<group>";
			versionGroupType = wrapper.xcdatamodel;
		};
/* End XCVersionGroup section */
	};
	rootObject = 9035D0061A0CB3E100C6E53C /* Project object */;
}
